{
    "_readme": [
        "This file locks the dependencies of your project to a known state",
        "Read more about it at https://getcomposer.org/doc/01-basic-usage.md#installing-dependencies",
        "This file is @generated automatically"
    ],
    "content-hash": "51433b69b0949891b79397bd6a2286e7",
    "packages": [
        {
            "name": "jtgraham38/jgwordpressblockstyle",
            "version": "0.2.0",
            "source": {
                "type": "git",
                "url": "git@github.com:jtgraham38/JGWPBlockStyles.git",
                "reference": "8adea31f6588165747134620165090358f8b43ad"
            },
            "dist": {
                "type": "zip",
                "url": "https://php.jacob-t-graham.com/dist/jtgraham38/jgwordpressblockstyle/jtgraham38-jgwordpressblockstyle-8adea31f6588165747134620165090358f8b43ad-zip-dacf70.zip",
                "reference": "8adea31f6588165747134620165090358f8b43ad",
                "shasum": "9c9f76773d75c0de1f2037e9f04d6a1002a9d931"
            },
            "require-dev": {
                "phpunit/phpunit": "^10.5"
            },
            "type": "library",
            "autoload": {
                "psr-4": {
                    "jtgraham38\\jgwordpressstyle\\": "src/",
                    "jtgraham38\\jgwordpressstyle\\styles\\": "src/styles/"
                }
            },
            "license": [
                "GPLv3"
            ],
            "authors": [
                {
                    "name": "Jacob Graham",
                    "email": "jtgraham38@gmail.com"
                }
            ],
            "description": "A set of utility functions for extracting style values from a block's attributes object.",
            "time": "2026-09-26T15:00:42+00:00"
        }
    ],
    "packages-dev": [],
    "aliases": [],
    "minimum-stability": "stable",
    "stability-flags": {},
    "prefer-stable": false,
    "prefer-lowest": false,
    "platform": {},
    "platform-dev": {},
    "plugin-api-version": "2.6.0"
}
