{
    "_readme": [
        "This file locks the dependencies of your project to a known state",
        "Read more about it at https://getcomposer.org/doc/01-basic-usage.md#installing-dependencies",
        "This file is @generated automatically"
    ],
    "content-hash": "0110e1ac3cf0fa15c912a6d4f73cd020",
    "packages": [
        {
            "name": "jtgraham38/jgwordpressblockstyle",
            "version": "0.1.2",
            "source": {
                "type": "git",
                "url": "https://github.com/jtgraham38/JGWPBlockStyles.git",
                "reference": "3173a2b827a88b7736ae93143d5ec80237c9f978"
            },
            "dist": {
                "type": "tar",
                "url": "http://php.jacob-t-graham.com/dist/jtgraham38/jgwordpressblockstyle/jtgraham38-jgwordpressblockstyle-3173a2b827a88b7736ae93143d5ec80237c9f978-zip-06a1e0.tar",
                "reference": "3173a2b827a88b7736ae93143d5ec80237c9f978",
                "shasum": "28513896767b0241abb62e7b23e83e4e416f382e"
            },
            "require-dev": {
                "phpunit/phpunit": "^10.5"
            },
            "type": "library",
            "autoload": {
                "psr-4": {
                    "jtgraham38\\jgwordpressstyle\\": "src/",
                    "jtgraham38\\jgwordpressstyle\\styles\\": "src/styles/"
                }
            },
            "license": [
                "GPLv3"
            ],
            "authors": [
                {
                    "name": "Jacob Graham",
                    "email": "jtgraham38@gmail.com"
                }
            ],
            "description": "A set of utility functions for extracting style values from a block's attributes object.",
            "support": {
                "source": "https://github.com/jtgraham38/JGWPBlockStyles/tree/0.1.2",
                "issues": "https://github.com/jtgraham38/JGWPBlockStyles/issues"
            },
            "time": "2025-05-14T18:58:24+00:00"
        }
    ],
    "packages-dev": [],
    "aliases": [],
    "minimum-stability": "stable",
    "stability-flags": [],
    "prefer-stable": false,
    "prefer-lowest": false,
    "platform": [],
    "platform-dev": [],
    "plugin-api-version": "2.2.0"
}
